{
  "version": 4,
  "terraform_version": "0.12.4",
  "serial": 129,
  "lineage": "718155c9-8d4b-d0c8-ea49-939b91ae216b",
  "outputs": {
    "docker_server_ipv4_address": {
      "value": "tcp://165.227.90.145:2375/",
      "type": "string"
    }
  },
  "resources": [
    {
      "module": "module.docker_server",
      "mode": "managed",
      "type": "digitalocean_droplet",
      "name": "server",
      "provider": "module.docker_server.provider.digitalocean",
      "instances": [
        {
          "schema_version": 1,
          "attributes": {
            "backups": false,
            "disk": 25,
            "id": "151248960",
            "image": "coreos-stable",
            "ipv4_address": "165.227.90.145",
            "ipv4_address_private": "",
            "ipv6": false,
            "ipv6_address": "",
            "ipv6_address_private": null,
            "locked": false,
            "memory": 1024,
            "monitoring": false,
            "name": "docker-server",
            "price_hourly": 0.00744,
            "price_monthly": 5,
            "private_networking": false,
            "region": "nyc1",
            "resize_disk": true,
            "size": "s-1vcpu-1gb",
            "ssh_keys": [
              "ac:c5:ab:ac:5b:c4:ce:44:51:66:0d:54:74:1e:33:e3"
            ],
            "status": "active",
            "tags": [],
            "urn": "do:droplet:151248960",
            "user_data": null,
            "vcpus": 1,
            "volume_ids": []
          },
          "depends_on": [
            "digitalocean_ssh_key.default"
          ]
        }
      ]
    },
    {
      "module": "module.docker_server",
      "mode": "managed",
      "type": "digitalocean_ssh_key",
      "name": "default",
      "provider": "module.docker_server.provider.digitalocean",
      "instances": [
        {
          "schema_version": 0,
          "attributes": {
            "fingerprint": "ac:c5:ab:ac:5b:c4:ce:44:51:66:0d:54:74:1e:33:e3",
            "id": "25049615",
            "name": "DigitalOcean Docker Server SSH Key",
            "public_key": "ssh-rsa AAAAB3NzaC1yc2EAAAADAQABAAACAQC7VaSmBeRjorpSMXST3wWmHo8aIFILBfEWHRtIs/MrgKvsohal0pNKRueBM57Ytsm3VB1UgtzCUKOBD8niyeVr9Xp5RT9VXc3MAVOKOKhJ1WieY5svAyT47WzMIrGEzueLd6zpjBKlx0Gbg1HMwb4xI3UL9m9oQlesPglFCoGbspXwSwSHFy3dAbH/EZq4P5wwlOtM3gDYDmoaYKHmEH4dMzhuKMmZQazohHCoxvRz6BqOfr2+pFX6M4x9IC+zw6m29F9q7jOJs21DZgNl24RYDJNSd/pnghbfZkpDJ2yQLDWFC7oxtIuQzD4GGETe9nkGomOdC4HZPE/za/DDhIfxj1zn2ssImlmb8+ljramDELExf2alJCWeur+6ksuukX8cXPJ3V6QuBY6SjCoRVn7Z5vnnGhj2QaAeyH9zPmjUKzGVITjipoaohwKbBJ78v72F1eXybjL2M4VmKWO758eWuSpnZQDGRd2KKE+l1zysJsVJXLDt1Aa4EnIUKX6iex2U4ndYS6H3qixxt+Ii1KwDWpvoNoOAiWfgXm1SxthYM4MAe7q0wn19TlrPnePWsLzQEE0JONozxet6zeC7ODe2VHQzmCQxdw81cw8Ogl//jFwpzMd9fpBIMFPEHwKoTYyGn+YRvnoEeAt+Ij+jMJNSmGRG8dJsYjPw3hG0Xg/QgQ== matheus@cardo.so"
          }
        }
      ]
    },
    {
      "module": "module.nginx",
      "mode": "managed",
      "type": "docker_container",
      "name": "nginx",
      "provider": "module.nginx.provider.docker",
      "instances": []
    }
  ]
}
